// !$*UTF8*$!
{
	archiveVersion = 1;
	classes = {
	};
	objectVersion = 48;
	objects = {

/* Begin PBXBuildFile section */
		8AC23D5020D87B38002E0F45 /* AppDelegate.swift in Sources */ = {isa = PBXBuildFile; fileRef = 8AC23D4F20D87B38002E0F45 /* AppDelegate.swift */; };
		8AC23D5220D87B38002E0F45 /* MainViewController.swift in Sources */ = {isa = PBXBuildFile; fileRef = 8AC23D5120D87B38002E0F45 /* MainViewController.swift */; };
		8AC23D5520D87B38002E0F45 /* Main.storyboard in Resources */ = {isa = PBXBuildFile; fileRef = 8AC23D5320D87B38002E0F45 /* Main.storyboard */; };
		8AC23D5720D87B38002E0F45 /* Assets.xcassets in Resources */ = {isa = PBXBuildFile; fileRef = 8AC23D5620D87B38002E0F45 /* Assets.xcassets */; };
		8AC23D6520D87B38002E0F45 /* AppStoreExamTests.swift in Sources */ = {isa = PBXBuildFile; fileRef = 8AC23D6420D87B38002E0F45 /* AppStoreExamTests.swift */; };
		8AC23D7020D87B38002E0F45 /* AppStoreExamUITests.swift in Sources */ = {isa = PBXBuildFile; fileRef = 8AC23D6F20D87B38002E0F45 /* AppStoreExamUITests.swift */; };
		8AC23D8520D9C424002E0F45 /* RequestManager.swift in Sources */ = {isa = PBXBuildFile; fileRef = 8AC23D8420D9C424002E0F45 /* RequestManager.swift */; };
		8AC23D8B20D9C782002E0F45 /* AppsTableViewCell.swift in Sources */ = {isa = PBXBuildFile; fileRef = 8AC23D8A20D9C782002E0F45 /* AppsTableViewCell.swift */; };
		8AC23D8D20D9CE55002E0F45 /* FeedModel.swift in Sources */ = {isa = PBXBuildFile; fileRef = 8AC23D8C20D9CE55002E0F45 /* FeedModel.swift */; };
		8AC23D8F20D9D122002E0F45 /* LogHelper.swift in Sources */ = {isa = PBXBuildFile; fileRef = 8AC23D8E20D9D122002E0F45 /* LogHelper.swift */; };
		8AC23D9120D9D2E4002E0F45 /* Constants_api.swift in Sources */ = {isa = PBXBuildFile; fileRef = 8AC23D9020D9D2E4002E0F45 /* Constants_api.swift */; };
		8AC23D9320D9D47E002E0F45 /* DataResponser.swift in Sources */ = {isa = PBXBuildFile; fileRef = 8AC23D9220D9D47E002E0F45 /* DataResponser.swift */; };
		8AC23D9520D9D5CD002E0F45 /* Dictionary.swift in Sources */ = {isa = PBXBuildFile; fileRef = 8AC23D9420D9D5CD002E0F45 /* Dictionary.swift */; };
		8AC23D9720D9DCF2002E0F45 /* UIImageView.swift in Sources */ = {isa = PBXBuildFile; fileRef = 8AC23D9620D9DCF2002E0F45 /* UIImageView.swift */; };
		8AC23D9920D9E6AF002E0F45 /* DetailViewController.swift in Sources */ = {isa = PBXBuildFile; fileRef = 8AC23D9820D9E6AF002E0F45 /* DetailViewController.swift */; };
		8AC23D9B20D9E6C6002E0F45 /* Launch Screen.storyboard in Resources */ = {isa = PBXBuildFile; fileRef = 8AC23D9A20D9E6C6002E0F45 /* Launch Screen.storyboard */; };
		8AC23D9D20D9EA56002E0F45 /* FeedDetailModel.swift in Sources */ = {isa = PBXBuildFile; fileRef = 8AC23D9C20D9EA56002E0F45 /* FeedDetailModel.swift */; };
		8AC23D9F20D9EB63002E0F45 /* UIViewController.swift in Sources */ = {isa = PBXBuildFile; fileRef = 8AC23D9E20D9EB63002E0F45 /* UIViewController.swift */; };
		8AC23DA120D9EBB0002E0F45 /* Constants.swift in Sources */ = {isa = PBXBuildFile; fileRef = 8AC23DA020D9EBB0002E0F45 /* Constants.swift */; };
		8AC23DA320D9EDCA002E0F45 /* Detail.storyboard in Resources */ = {isa = PBXBuildFile; fileRef = 8AC23DA220D9EDCA002E0F45 /* Detail.storyboard */; };
		8AC23DA620D9EF9B002E0F45 /* DetailTitleViewCell.swift in Sources */ = {isa = PBXBuildFile; fileRef = 8AC23DA520D9EF9B002E0F45 /* DetailTitleViewCell.swift */; };
		8AC23DA820DA4C15002E0F45 /* DetailNewFunctionViewCell.swift in Sources */ = {isa = PBXBuildFile; fileRef = 8AC23DA720DA4C15002E0F45 /* DetailNewFunctionViewCell.swift */; };
		8AC23DAC20DA5B95002E0F45 /* DetailPreViewCell.swift in Sources */ = {isa = PBXBuildFile; fileRef = 8AC23DAB20DA5B95002E0F45 /* DetailPreViewCell.swift */; };
		8AC23DAE20DA5D87002E0F45 /* DetailPreViewItemCell.swift in Sources */ = {isa = PBXBuildFile; fileRef = 8AC23DAD20DA5D87002E0F45 /* DetailPreViewItemCell.swift */; };
		8AC23DB020DA6041002E0F45 /* DetailContentViewCell.swift in Sources */ = {isa = PBXBuildFile; fileRef = 8AC23DAF20DA6041002E0F45 /* DetailContentViewCell.swift */; };
		8AC23DB220DA691D002E0F45 /* UIApplication.swift in Sources */ = {isa = PBXBuildFile; fileRef = 8AC23DB120DA691D002E0F45 /* UIApplication.swift */; };
/* End PBXBuildFile section */

/* Begin PBXContainerItemProxy section */
		8AC23D6120D87B38002E0F45 /* PBXContainerItemProxy */ = {
			isa = PBXContainerItemProxy;
			containerPortal = 8AC23D4420D87B37002E0F45 /* Project object */;
			proxyType = 1;
			remoteGlobalIDString = 8AC23D4B20D87B37002E0F45;
			remoteInfo = AppStoreExam;
		};
		8AC23D6C20D87B38002E0F45 /* PBXContainerItemProxy */ = {
			isa = PBXContainerItemProxy;
			containerPortal = 8AC23D4420D87B37002E0F45 /* Project object */;
			proxyType = 1;
			remoteGlobalIDString = 8AC23D4B20D87B37002E0F45;
			remoteInfo = AppStoreExam;
		};
/* End PBXContainerItemProxy section */

/* Begin PBXFileReference section */
		8AC23D4C20D87B37002E0F45 /* AppStoreExam.app */ = {isa = PBXFileReference; explicitFileType = wrapper.application; includeInIndex = 0; path = AppStoreExam.app; sourceTree = BUILT_PRODUCTS_DIR; };
		8AC23D4F20D87B38002E0F45 /* AppDelegate.swift */ = {isa = PBXFileReference; lastKnownFileType = sourcecode.swift; path = AppDelegate.swift; sourceTree = "<group>"; };
		8AC23D5120D87B38002E0F45 /* MainViewController.swift */ = {isa = PBXFileReference; lastKnownFileType = sourcecode.swift; path = MainViewController.swift; sourceTree = "<group>"; };
		8AC23D5420D87B38002E0F45 /* Base */ = {isa = PBXFileReference; lastKnownFileType = file.storyboard; name = Base; path = Base.lproj/Main.storyboard; sourceTree = "<group>"; };
		8AC23D5620D87B38002E0F45 /* Assets.xcassets */ = {isa = PBXFileReference; lastKnownFileType = folder.assetcatalog; path = Assets.xcassets; sourceTree = "<group>"; };
		8AC23D5B20D87B38002E0F45 /* Info.plist */ = {isa = PBXFileReference; lastKnownFileType = text.plist.xml; path = Info.plist; sourceTree = "<group>"; };
		8AC23D6020D87B38002E0F45 /* AppStoreExamTests.xctest */ = {isa = PBXFileReference; explicitFileType = wrapper.cfbundle; includeInIndex = 0; path = AppStoreExamTests.xctest; sourceTree = BUILT_PRODUCTS_DIR; };
		8AC23D6420D87B38002E0F45 /* AppStoreExamTests.swift */ = {isa = PBXFileReference; lastKnownFileType = sourcecode.swift; path = AppStoreExamTests.swift; sourceTree = "<group>"; };
		8AC23D6620D87B38002E0F45 /* Info.plist */ = {isa = PBXFileReference; lastKnownFileType = text.plist.xml; path = Info.plist; sourceTree = "<group>"; };
		8AC23D6B20D87B38002E0F45 /* AppStoreExamUITests.xctest */ = {isa = PBXFileReference; explicitFileType = wrapper.cfbundle; includeInIndex = 0; path = AppStoreExamUITests.xctest; sourceTree = BUILT_PRODUCTS_DIR; };
		8AC23D6F20D87B38002E0F45 /* AppStoreExamUITests.swift */ = {isa = PBXFileReference; lastKnownFileType = sourcecode.swift; path = AppStoreExamUITests.swift; sourceTree = "<group>"; };
		8AC23D7120D87B38002E0F45 /* Info.plist */ = {isa = PBXFileReference; lastKnownFileType = text.plist.xml; path = Info.plist; sourceTree = "<group>"; };
		8AC23D8420D9C424002E0F45 /* RequestManager.swift */ = {isa = PBXFileReference; lastKnownFileType = sourcecode.swift; path = RequestManager.swift; sourceTree = "<group>"; };
		8AC23D8A20D9C782002E0F45 /* AppsTableViewCell.swift */ = {isa = PBXFileReference; lastKnownFileType = sourcecode.swift; path = AppsTableViewCell.swift; sourceTree = "<group>"; };
		8AC23D8C20D9CE55002E0F45 /* FeedModel.swift */ = {isa = PBXFileReference; lastKnownFileType = sourcecode.swift; path = FeedModel.swift; sourceTree = "<group>"; };
		8AC23D8E20D9D122002E0F45 /* LogHelper.swift */ = {isa = PBXFileReference; lastKnownFileType = sourcecode.swift; path = LogHelper.swift; sourceTree = "<group>"; };
		8AC23D9020D9D2E4002E0F45 /* Constants_api.swift */ = {isa = PBXFileReference; lastKnownFileType = sourcecode.swift; path = Constants_api.swift; sourceTree = "<group>"; };
		8AC23D9220D9D47E002E0F45 /* DataResponser.swift */ = {isa = PBXFileReference; lastKnownFileType = sourcecode.swift; path = DataResponser.swift; sourceTree = "<group>"; };
		8AC23D9420D9D5CD002E0F45 /* Dictionary.swift */ = {isa = PBXFileReference; lastKnownFileType = sourcecode.swift; path = Dictionary.swift; sourceTree = "<group>"; };
		8AC23D9620D9DCF2002E0F45 /* UIImageView.swift */ = {isa = PBXFileReference; lastKnownFileType = sourcecode.swift; path = UIImageView.swift; sourceTree = "<group>"; };
		8AC23D9820D9E6AF002E0F45 /* DetailViewController.swift */ = {isa = PBXFileReference; lastKnownFileType = sourcecode.swift; path = DetailViewController.swift; sourceTree = "<group>"; };
		8AC23D9A20D9E6C6002E0F45 /* Launch Screen.storyboard */ = {isa = PBXFileReference; lastKnownFileType = file.storyboard; path = "Launch Screen.storyboard"; sourceTree = "<group>"; };
		8AC23D9C20D9EA56002E0F45 /* FeedDetailModel.swift */ = {isa = PBXFileReference; lastKnownFileType = sourcecode.swift; path = FeedDetailModel.swift; sourceTree = "<group>"; };
		8AC23D9E20D9EB63002E0F45 /* UIViewController.swift */ = {isa = PBXFileReference; lastKnownFileType = sourcecode.swift; path = UIViewController.swift; sourceTree = "<group>"; };
		8AC23DA020D9EBB0002E0F45 /* Constants.swift */ = {isa = PBXFileReference; lastKnownFileType = sourcecode.swift; path = Constants.swift; sourceTree = "<group>"; };
		8AC23DA220D9EDCA002E0F45 /* Detail.storyboard */ = {isa = PBXFileReference; lastKnownFileType = file.storyboard; path = Detail.storyboard; sourceTree = "<group>"; };
		8AC23DA520D9EF9B002E0F45 /* DetailTitleViewCell.swift */ = {isa = PBXFileReference; lastKnownFileType = sourcecode.swift; path = DetailTitleViewCell.swift; sourceTree = "<group>"; };
		8AC23DA720DA4C15002E0F45 /* DetailNewFunctionViewCell.swift */ = {isa = PBXFileReference; lastKnownFileType = sourcecode.swift; path = DetailNewFunctionViewCell.swift; sourceTree = "<group>"; };
		8AC23DAB20DA5B95002E0F45 /* DetailPreViewCell.swift */ = {isa = PBXFileReference; lastKnownFileType = sourcecode.swift; path = DetailPreViewCell.swift; sourceTree = "<group>"; };
		8AC23DAD20DA5D87002E0F45 /* DetailPreViewItemCell.swift */ = {isa = PBXFileReference; lastKnownFileType = sourcecode.swift; path = DetailPreViewItemCell.swift; sourceTree = "<group>"; };
		8AC23DAF20DA6041002E0F45 /* DetailContentViewCell.swift */ = {isa = PBXFileReference; lastKnownFileType = sourcecode.swift; path = DetailContentViewCell.swift; sourceTree = "<group>"; };
		8AC23DB120DA691D002E0F45 /* UIApplication.swift */ = {isa = PBXFileReference; lastKnownFileType = sourcecode.swift; path = UIApplication.swift; sourceTree = "<group>"; };
/* End PBXFileReference section */

/* Begin PBXFrameworksBuildPhase section */
		8AC23D4920D87B37002E0F45 /* Frameworks */ = {
			isa = PBXFrameworksBuildPhase;
			buildActionMask = 2147483647;
			files = (
			);
			runOnlyForDeploymentPostprocessing = 0;
		};
		8AC23D5D20D87B38002E0F45 /* Frameworks */ = {
			isa = PBXFrameworksBuildPhase;
			buildActionMask = 2147483647;
			files = (
			);
			runOnlyForDeploymentPostprocessing = 0;
		};
		8AC23D6820D87B38002E0F45 /* Frameworks */ = {
			isa = PBXFrameworksBuildPhase;
			buildActionMask = 2147483647;
			files = (
			);
			runOnlyForDeploymentPostprocessing = 0;
		};
/* End PBXFrameworksBuildPhase section */

/* Begin PBXGroup section */
		8AC23D4320D87B37002E0F45 = {
			isa = PBXGroup;
			children = (
				8AC23D4E20D87B37002E0F45 /* AppStoreExam */,
				8AC23D6320D87B38002E0F45 /* AppStoreExamTests */,
				8AC23D6E20D87B38002E0F45 /* AppStoreExamUITests */,
				8AC23D4D20D87B37002E0F45 /* Products */,
			);
			sourceTree = "<group>";
		};
		8AC23D4D20D87B37002E0F45 /* Products */ = {
			isa = PBXGroup;
			children = (
				8AC23D4C20D87B37002E0F45 /* AppStoreExam.app */,
				8AC23D6020D87B38002E0F45 /* AppStoreExamTests.xctest */,
				8AC23D6B20D87B38002E0F45 /* AppStoreExamUITests.xctest */,
			);
			name = Products;
			sourceTree = "<group>";
		};
		8AC23D4E20D87B37002E0F45 /* AppStoreExam */ = {
			isa = PBXGroup;
			children = (
				8AC23D8320D87C0F002E0F45 /* Extension */,
				8AC23D8220D87BF9002E0F45 /* Model */,
				8AC23D8120D87BED002E0F45 /* Helper */,
				8AC23D8020D87BE3002E0F45 /* View */,
				8AC23D7F20D87BD8002E0F45 /* ViewController */,
				8AC23D7E20D87BD1002E0F45 /* SupportingFiles */,
				8AC23D7D20D87BCA002E0F45 /* Storyboard */,
			);
			path = AppStoreExam;
			sourceTree = "<group>";
		};
		8AC23D6320D87B38002E0F45 /* AppStoreExamTests */ = {
			isa = PBXGroup;
			children = (
				8AC23D6420D87B38002E0F45 /* AppStoreExamTests.swift */,
				8AC23D6620D87B38002E0F45 /* Info.plist */,
			);
			path = AppStoreExamTests;
			sourceTree = "<group>";
		};
		8AC23D6E20D87B38002E0F45 /* AppStoreExamUITests */ = {
			isa = PBXGroup;
			children = (
				8AC23D6F20D87B38002E0F45 /* AppStoreExamUITests.swift */,
				8AC23D7120D87B38002E0F45 /* Info.plist */,
			);
			path = AppStoreExamUITests;
			sourceTree = "<group>";
		};
		8AC23D7D20D87BCA002E0F45 /* Storyboard */ = {
			isa = PBXGroup;
			children = (
				8AC23D9A20D9E6C6002E0F45 /* Launch Screen.storyboard */,
				8AC23D5320D87B38002E0F45 /* Main.storyboard */,
				8AC23DA220D9EDCA002E0F45 /* Detail.storyboard */,
			);
			path = Storyboard;
			sourceTree = "<group>";
		};
		8AC23D7E20D87BD1002E0F45 /* SupportingFiles */ = {
			isa = PBXGroup;
			children = (
				8AC23D5B20D87B38002E0F45 /* Info.plist */,
				8AC23D5620D87B38002E0F45 /* Assets.xcassets */,
				8AC23D4F20D87B38002E0F45 /* AppDelegate.swift */,
			);
			path = SupportingFiles;
			sourceTree = "<group>";
		};
		8AC23D7F20D87BD8002E0F45 /* ViewController */ = {
			isa = PBXGroup;
			children = (
				8AC23D5120D87B38002E0F45 /* MainViewController.swift */,
				8AC23D9820D9E6AF002E0F45 /* DetailViewController.swift */,
			);
			path = ViewController;
			sourceTree = "<group>";
		};
		8AC23D8020D87BE3002E0F45 /* View */ = {
			isa = PBXGroup;
			children = (
				8AC23DA420D9EF51002E0F45 /* Detail */,
				8AC23D8920D9C76C002E0F45 /* Main */,
			);
			path = View;
			sourceTree = "<group>";
		};
		8AC23D8120D87BED002E0F45 /* Helper */ = {
			isa = PBXGroup;
			children = (
				8AC23DA020D9EBB0002E0F45 /* Constants.swift */,
				8AC23D9020D9D2E4002E0F45 /* Constants_api.swift */,
				8AC23D8E20D9D122002E0F45 /* LogHelper.swift */,
				8AC23D8420D9C424002E0F45 /* RequestManager.swift */,
				8AC23D9220D9D47E002E0F45 /* DataResponser.swift */,
			);
			path = Helper;
			sourceTree = "<group>";
		};
		8AC23D8220D87BF9002E0F45 /* Model */ = {
			isa = PBXGroup;
			children = (
				8AC23D8C20D9CE55002E0F45 /* FeedModel.swift */,
				8AC23D9C20D9EA56002E0F45 /* FeedDetailModel.swift */,
			);
			path = Model;
			sourceTree = "<group>";
		};
		8AC23D8320D87C0F002E0F45 /* Extension */ = {
			isa = PBXGroup;
			children = (
				8AC23D9E20D9EB63002E0F45 /* UIViewController.swift */,
				8AC23D9420D9D5CD002E0F45 /* Dictionary.swift */,
				8AC23D9620D9DCF2002E0F45 /* UIImageView.swift */,
				8AC23DB120DA691D002E0F45 /* UIApplication.swift */,
			);
			path = Extension;
			sourceTree = "<group>";
		};
		8AC23D8920D9C76C002E0F45 /* Main */ = {
			isa = PBXGroup;
			children = (
				8AC23D8A20D9C782002E0F45 /* AppsTableViewCell.swift */,
			);
			path = Main;
			sourceTree = "<group>";
		};
		8AC23DA420D9EF51002E0F45 /* Detail */ = {
			isa = PBXGroup;
			children = (
				8AC23DA520D9EF9B002E0F45 /* DetailTitleViewCell.swift */,
				8AC23DA720DA4C15002E0F45 /* DetailNewFunctionViewCell.swift */,
				8AC23DAB20DA5B95002E0F45 /* DetailPreViewCell.swift */,
				8AC23DAD20DA5D87002E0F45 /* DetailPreViewItemCell.swift */,
				8AC23DAF20DA6041002E0F45 /* DetailContentViewCell.swift */,
			);
			path = Detail;
			sourceTree = "<group>";
		};
/* End PBXGroup section */

/* Begin PBXNativeTarget section */
		8AC23D4B20D87B37002E0F45 /* AppStoreExam */ = {
			isa = PBXNativeTarget;
			buildConfigurationList = 8AC23D7420D87B38002E0F45 /* Build configuration list for PBXNativeTarget "AppStoreExam" */;
			buildPhases = (
				8AC23D4820D87B37002E0F45 /* Sources */,
				8AC23D4920D87B37002E0F45 /* Frameworks */,
				8AC23D4A20D87B37002E0F45 /* Resources */,
			);
			buildRules = (
			);
			dependencies = (
			);
			name = AppStoreExam;
			productName = AppStoreExam;
			productReference = 8AC23D4C20D87B37002E0F45 /* AppStoreExam.app */;
			productType = "com.apple.product-type.application";
		};
		8AC23D5F20D87B38002E0F45 /* AppStoreExamTests */ = {
			isa = PBXNativeTarget;
			buildConfigurationList = 8AC23D7720D87B38002E0F45 /* Build configuration list for PBXNativeTarget "AppStoreExamTests" */;
			buildPhases = (
				8AC23D5C20D87B38002E0F45 /* Sources */,
				8AC23D5D20D87B38002E0F45 /* Frameworks */,
				8AC23D5E20D87B38002E0F45 /* Resources */,
			);
			buildRules = (
			);
			dependencies = (
				8AC23D6220D87B38002E0F45 /* PBXTargetDependency */,
			);
			name = AppStoreExamTests;
			productName = AppStoreExamTests;
			productReference = 8AC23D6020D87B38002E0F45 /* AppStoreExamTests.xctest */;
			productType = "com.apple.product-type.bundle.unit-test";
		};
		8AC23D6A20D87B38002E0F45 /* AppStoreExamUITests */ = {
			isa = PBXNativeTarget;
			buildConfigurationList = 8AC23D7A20D87B38002E0F45 /* Build configuration list for PBXNativeTarget "AppStoreExamUITests" */;
			buildPhases = (
				8AC23D6720D87B38002E0F45 /* Sources */,
				8AC23D6820D87B38002E0F45 /* Frameworks */,
				8AC23D6920D87B38002E0F45 /* Resources */,
			);
			buildRules = (
			);
			dependencies = (
				8AC23D6D20D87B38002E0F45 /* PBXTargetDependency */,
			);
			name = AppStoreExamUITests;
			productName = AppStoreExamUITests;
			productReference = 8AC23D6B20D87B38002E0F45 /* AppStoreExamUITests.xctest */;
			productType = "com.apple.product-type.bundle.ui-testing";
		};
/* End PBXNativeTarget section */

/* Begin PBXProject section */
		8AC23D4420D87B37002E0F45 /* Project object */ = {
			isa = PBXProject;
			attributes = {
				LastSwiftUpdateCheck = 0910;
				LastUpgradeCheck = 1010;
				ORGANIZATIONNAME = "Sung Hyun";
				TargetAttributes = {
					8AC23D4B20D87B37002E0F45 = {
						CreatedOnToolsVersion = 9.1;
						ProvisioningStyle = Automatic;
					};
					8AC23D5F20D87B38002E0F45 = {
						CreatedOnToolsVersion = 9.1;
						ProvisioningStyle = Automatic;
						TestTargetID = 8AC23D4B20D87B37002E0F45;
					};
					8AC23D6A20D87B38002E0F45 = {
						CreatedOnToolsVersion = 9.1;
						ProvisioningStyle = Automatic;
						TestTargetID = 8AC23D4B20D87B37002E0F45;
					};
				};
			};
			buildConfigurationList = 8AC23D4720D87B37002E0F45 /* Build configuration list for PBXProject "AppStoreExam" */;
			compatibilityVersion = "Xcode 8.0";
			developmentRegion = en;
			hasScannedForEncodings = 0;
			knownRegions = (
				en,
				Base,
			);
			mainGroup = 8AC23D4320D87B37002E0F45;
			productRefGroup = 8AC23D4D20D87B37002E0F45 /* Products */;
			projectDirPath = "";
			projectRoot = "";
			targets = (
				8AC23D4B20D87B37002E0F45 /* AppStoreExam */,
				8AC23D5F20D87B38002E0F45 /* AppStoreExamTests */,
				8AC23D6A20D87B38002E0F45 /* AppStoreExamUITests */,
			);
		};
/* End PBXProject section */

/* Begin PBXResourcesBuildPhase section */
		8AC23D4A20D87B37002E0F45 /* Resources */ = {
			isa = PBXResourcesBuildPhase;
			buildActionMask = 2147483647;
			files = (
				8AC23D9B20D9E6C6002E0F45 /* Launch Screen.storyboard in Resources */,
				8AC23D5720D87B38002E0F45 /* Assets.xcassets in Resources */,
				8AC23D5520D87B38002E0F45 /* Main.storyboard in Resources */,
				8AC23DA320D9EDCA002E0F45 /* Detail.storyboard in Resources */,
			);
			runOnlyForDeploymentPostprocessing = 0;
		};
		8AC23D5E20D87B38002E0F45 /* Resources */ = {
			isa = PBXResourcesBuildPhase;
			buildActionMask = 2147483647;
			files = (
			);
			runOnlyForDeploymentPostprocessing = 0;
		};
		8AC23D6920D87B38002E0F45 /* Resources */ = {
			isa = PBXResourcesBuildPhase;
			buildActionMask = 2147483647;
			files = (
			);
			runOnlyForDeploymentPostprocessing = 0;
		};
/* End PBXResourcesBuildPhase section */

/* Begin PBXSourcesBuildPhase section */
		8AC23D4820D87B37002E0F45 /* Sources */ = {
			isa = PBXSourcesBuildPhase;
			buildActionMask = 2147483647;
			files = (
				8AC23DAC20DA5B95002E0F45 /* DetailPreViewCell.swift in Sources */,
				8AC23D9D20D9EA56002E0F45 /* FeedDetailModel.swift in Sources */,
				8AC23D9920D9E6AF002E0F45 /* DetailViewController.swift in Sources */,
				8AC23D9520D9D5CD002E0F45 /* Dictionary.swift in Sources */,
				8AC23DAE20DA5D87002E0F45 /* DetailPreViewItemCell.swift in Sources */,
				8AC23D8D20D9CE55002E0F45 /* FeedModel.swift in Sources */,
				8AC23D8520D9C424002E0F45 /* RequestManager.swift in Sources */,
				8AC23D8F20D9D122002E0F45 /* LogHelper.swift in Sources */,
				8AC23DB220DA691D002E0F45 /* UIApplication.swift in Sources */,
				8AC23D9120D9D2E4002E0F45 /* Constants_api.swift in Sources */,
				8AC23D9F20D9EB63002E0F45 /* UIViewController.swift in Sources */,
				8AC23DA820DA4C15002E0F45 /* DetailNewFunctionViewCell.swift in Sources */,
				8AC23D5220D87B38002E0F45 /* MainViewController.swift in Sources */,
				8AC23D9720D9DCF2002E0F45 /* UIImageView.swift in Sources */,
				8AC23D5020D87B38002E0F45 /* AppDelegate.swift in Sources */,
				8AC23DA120D9EBB0002E0F45 /* Constants.swift in Sources */,
				8AC23D8B20D9C782002E0F45 /* AppsTableViewCell.swift in Sources */,
				8AC23D9320D9D47E002E0F45 /* DataResponser.swift in Sources */,
				8AC23DB020DA6041002E0F45 /* DetailContentViewCell.swift in Sources */,
				8AC23DA620D9EF9B002E0F45 /* DetailTitleViewCell.swift in Sources */,
			);
			runOnlyForDeploymentPostprocessing = 0;
		};
		8AC23D5C20D87B38002E0F45 /* Sources */ = {
			isa = PBXSourcesBuildPhase;
			buildActionMask = 2147483647;
			files = (
				8AC23D6520D87B38002E0F45 /* AppStoreExamTests.swift in Sources */,
			);
			runOnlyForDeploymentPostprocessing = 0;
		};
		8AC23D6720D87B38002E0F45 /* Sources */ = {
			isa = PBXSourcesBuildPhase;
			buildActionMask = 2147483647;
			files = (
				8AC23D7020D87B38002E0F45 /* AppStoreExamUITests.swift in Sources */,
			);
			runOnlyForDeploymentPostprocessing = 0;
		};
/* End PBXSourcesBuildPhase section */

/* Begin PBXTargetDependency section */
		8AC23D6220D87B38002E0F45 /* PBXTargetDependency */ = {
			isa = PBXTargetDependency;
			target = 8AC23D4B20D87B37002E0F45 /* AppStoreExam */;
			targetProxy = 8AC23D6120D87B38002E0F45 /* PBXContainerItemProxy */;
		};
		8AC23D6D20D87B38002E0F45 /* PBXTargetDependency */ = {
			isa = PBXTargetDependency;
			target = 8AC23D4B20D87B37002E0F45 /* AppStoreExam */;
			targetProxy = 8AC23D6C20D87B38002E0F45 /* PBXContainerItemProxy */;
		};
/* End PBXTargetDependency section */

/* Begin PBXVariantGroup section */
		8AC23D5320D87B38002E0F45 /* Main.storyboard */ = {
			isa = PBXVariantGroup;
			children = (
				8AC23D5420D87B38002E0F45 /* Base */,
			);
			name = Main.storyboard;
			sourceTree = "<group>";
		};
/* End PBXVariantGroup section */

/* Begin XCBuildConfiguration section */
		8AC23D7220D87B38002E0F45 /* Debug */ = {
			isa = XCBuildConfiguration;
			buildSettings = {
				ALWAYS_SEARCH_USER_PATHS = NO;
				CLANG_ANALYZER_NONNULL = YES;
				CLANG_ANALYZER_NUMBER_OBJECT_CONVERSION = YES_AGGRESSIVE;
				CLANG_CXX_LANGUAGE_STANDARD = "gnu++14";
				CLANG_CXX_LIBRARY = "libc++";
				CLANG_ENABLE_MODULES = YES;
				CLANG_ENABLE_OBJC_ARC = YES;
				CLANG_WARN_BLOCK_CAPTURE_AUTORELEASING = YES;
				CLANG_WARN_BOOL_CONVERSION = YES;
				CLANG_WARN_COMMA = YES;
				CLANG_WARN_CONSTANT_CONVERSION = YES;
				CLANG_WARN_DEPRECATED_OBJC_IMPLEMENTATIONS = YES;
				CLANG_WARN_DIRECT_OBJC_ISA_USAGE = YES_ERROR;
				CLANG_WARN_DOCUMENTATION_COMMENTS = YES;
				CLANG_WARN_EMPTY_BODY = YES;
				CLANG_WARN_ENUM_CONVERSION = YES;
				CLANG_WARN_INFINITE_RECURSION = YES;
				CLANG_WARN_INT_CONVERSION = YES;
				CLANG_WARN_NON_LITERAL_NULL_CONVERSION = YES;
				CLANG_WARN_OBJC_IMPLICIT_RETAIN_SELF = YES;
				CLANG_WARN_OBJC_LITERAL_CONVERSION = YES;
				CLANG_WARN_OBJC_ROOT_CLASS = YES_ERROR;
				CLANG_WARN_RANGE_LOOP_ANALYSIS = YES;
				CLANG_WARN_STRICT_PROTOTYPES = YES;
				CLANG_WARN_SUSPICIOUS_MOVE = YES;
				CLANG_WARN_UNGUARDED_AVAILABILITY = YES_AGGRESSIVE;
				CLANG_WARN_UNREACHABLE_CODE = YES;
				CLANG_WARN__DUPLICATE_METHOD_MATCH = YES;
				CODE_SIGN_IDENTITY = "iPhone Developer";
				COPY_PHASE_STRIP = NO;
				DEBUG_INFORMATION_FORMAT = dwarf;
				ENABLE_STRICT_OBJC_MSGSEND = YES;
				ENABLE_TESTABILITY = YES;
				GCC_C_LANGUAGE_STANDARD = gnu11;
				GCC_DYNAMIC_NO_PIC = NO;
				GCC_NO_COMMON_BLOCKS = YES;
				GCC_OPTIMIZATION_LEVEL = 0;
				GCC_PREPROCESSOR_DEFINITIONS = (
					"DEBUG=1",
					"$(inherited)",
				);
				GCC_WARN_64_TO_32_BIT_CONVERSION = YES;
				GCC_WARN_ABOUT_RETURN_TYPE = YES_ERROR;
				GCC_WARN_UNDECLARED_SELECTOR = YES;
				GCC_WARN_UNINITIALIZED_AUTOS = YES_AGGRESSIVE;
				GCC_WARN_UNUSED_FUNCTION = YES;
				GCC_WARN_UNUSED_VARIABLE = YES;
				IPHONEOS_DEPLOYMENT_TARGET = 11.1;
				MTL_ENABLE_DEBUG_INFO = YES;
				ONLY_ACTIVE_ARCH = YES;
				SDKROOT = iphoneos;
				SWIFT_ACTIVE_COMPILATION_CONDITIONS = DEBUG;
				SWIFT_OPTIMIZATION_LEVEL = "-Onone";
			};
			name = Debug;
		};
		8AC23D7320D87B38002E0F45 /* Release */ = {
			isa = XCBuildConfiguration;
			buildSettings = {
				ALWAYS_SEARCH_USER_PATHS = NO;
				CLANG_ANALYZER_NONNULL = YES;
				CLANG_ANALYZER_NUMBER_OBJECT_CONVERSION = YES_AGGRESSIVE;
				CLANG_CXX_LANGUAGE_STANDARD = "gnu++14";
				CLANG_CXX_LIBRARY = "libc++";
				CLANG_ENABLE_MODULES = YES;
				CLANG_ENABLE_OBJC_ARC = YES;
				CLANG_WARN_BLOCK_CAPTURE_AUTORELEASING = YES;
				CLANG_WARN_BOOL_CONVERSION = YES;
				CLANG_WARN_COMMA = YES;
				CLANG_WARN_CONSTANT_CONVERSION = YES;
				CLANG_WARN_DEPRECATED_OBJC_IMPLEMENTATIONS = YES;
				CLANG_WARN_DIRECT_OBJC_ISA_USAGE = YES_ERROR;
				CLANG_WARN_DOCUMENTATION_COMMENTS = YES;
				CLANG_WARN_EMPTY_BODY = YES;
				CLANG_WARN_ENUM_CONVERSION = YES;
				CLANG_WARN_INFINITE_RECURSION = YES;
				CLANG_WARN_INT_CONVERSION = YES;
				CLANG_WARN_NON_LITERAL_NULL_CONVERSION = YES;
				CLANG_WARN_OBJC_IMPLICIT_RETAIN_SELF = YES;
				CLANG_WARN_OBJC_LITERAL_CONVERSION = YES;
				CLANG_WARN_OBJC_ROOT_CLASS = YES_ERROR;
				CLANG_WARN_RANGE_LOOP_ANALYSIS = YES;
				CLANG_WARN_STRICT_PROTOTYPES = YES;
				CLANG_WARN_SUSPICIOUS_MOVE = YES;
				CLANG_WARN_UNGUARDED_AVAILABILITY = YES_AGGRESSIVE;
				CLANG_WARN_UNREACHABLE_CODE = YES;
				CLANG_WARN__DUPLICATE_METHOD_MATCH = YES;
				CODE_SIGN_IDENTITY = "iPhone Developer";
				COPY_PHASE_STRIP = NO;
				DEBUG_INFORMATION_FORMAT = "dwarf-with-dsym";
				ENABLE_NS_ASSERTIONS = NO;
				ENABLE_STRICT_OBJC_MSGSEND = YES;
				GCC_C_LANGUAGE_STANDARD = gnu11;
				GCC_NO_COMMON_BLOCKS = YES;
				GCC_WARN_64_TO_32_BIT_CONVERSION = YES;
				GCC_WARN_ABOUT_RETURN_TYPE = YES_ERROR;
				GCC_WARN_UNDECLARED_SELECTOR = YES;
				GCC_WARN_UNINITIALIZED_AUTOS = YES_AGGRESSIVE;
				GCC_WARN_UNUSED_FUNCTION = YES;
				GCC_WARN_UNUSED_VARIABLE = YES;
				IPHONEOS_DEPLOYMENT_TARGET = 11.1;
				MTL_ENABLE_DEBUG_INFO = NO;
				SDKROOT = iphoneos;
				SWIFT_OPTIMIZATION_LEVEL = "-Owholemodule";
				VALIDATE_PRODUCT = YES;
			};
			name = Release;
		};
		8AC23D7520D87B38002E0F45 /* Debug */ = {
			isa = XCBuildConfiguration;
			buildSettings = {
				ASSETCATALOG_COMPILER_APPICON_NAME = AppIcon;
				CODE_SIGN_STYLE = Automatic;
				DEVELOPMENT_TEAM = "";
				INFOPLIST_FILE = "$(SRCROOT)/AppStoreExam/SupportingFiles/Info.plist";
				IPHONEOS_DEPLOYMENT_TARGET = 9.0;
				LD_RUNPATH_SEARCH_PATHS = "$(inherited) @executable_path/Frameworks";
				PRODUCT_BUNDLE_IDENTIFIER = com.Sung9.AppStoreExam;
				PRODUCT_NAME = "$(TARGET_NAME)";
				SWIFT_VERSION = 4.2;
				TARGETED_DEVICE_FAMILY = "1,2";
			};
			name = Debug;
		};
		8AC23D7620D87B38002E0F45 /* Release */ = {
			isa = XCBuildConfiguration;
			buildSettings = {
				ASSETCATALOG_COMPILER_APPICON_NAME = AppIcon;
				CODE_SIGN_STYLE = Automatic;
				DEVELOPMENT_TEAM = "";
				INFOPLIST_FILE = "$(SRCROOT)/AppStoreExam/SupportingFiles/Info.plist";
				IPHONEOS_DEPLOYMENT_TARGET = 9.0;
				LD_RUNPATH_SEARCH_PATHS = "$(inherited) @executable_path/Frameworks";
				PRODUCT_BUNDLE_IDENTIFIER = com.Sung9.AppStoreExam;
				PRODUCT_NAME = "$(TARGET_NAME)";
				SWIFT_VERSION = 4.2;
				TARGETED_DEVICE_FAMILY = "1,2";
			};
			name = Release;
		};
		8AC23D7820D87B38002E0F45 /* Debug */ = {
			isa = XCBuildConfiguration;
			buildSettings = {
				ALWAYS_EMBED_SWIFT_STANDARD_LIBRARIES = YES;
				BUNDLE_LOADER = "$(TEST_HOST)";
				CODE_SIGN_STYLE = Automatic;
				DEVELOPMENT_TEAM = ZFQ4LB2HKZ;
				INFOPLIST_FILE = AppStoreExamTests/Info.plist;
				LD_RUNPATH_SEARCH_PATHS = "$(inherited) @executable_path/Frameworks @loader_path/Frameworks";
				PRODUCT_BUNDLE_IDENTIFIER = com.Sung9.AppStoreExamTests;
				PRODUCT_NAME = "$(TARGET_NAME)";
				SWIFT_VERSION = 4.0;
				TARGETED_DEVICE_FAMILY = "1,2";
				TEST_HOST = "$(BUILT_PRODUCTS_DIR)/AppStoreExam.app/AppStoreExam";
			};
			name = Debug;
		};
		8AC23D7920D87B38002E0F45 /* Release */ = {
			isa = XCBuildConfiguration;
			buildSettings = {
				ALWAYS_EMBED_SWIFT_STANDARD_LIBRARIES = YES;
				BUNDLE_LOADER = "$(TEST_HOST)";
				CODE_SIGN_STYLE = Automatic;
				DEVELOPMENT_TEAM = ZFQ4LB2HKZ;
				INFOPLIST_FILE = AppStoreExamTests/Info.plist;
				LD_RUNPATH_SEARCH_PATHS = "$(inherited) @executable_path/Frameworks @loader_path/Frameworks";
				PRODUCT_BUNDLE_IDENTIFIER = com.Sung9.AppStoreExamTests;
				PRODUCT_NAME = "$(TARGET_NAME)";
				SWIFT_VERSION = 4.0;
				TARGETED_DEVICE_FAMILY = "1,2";
				TEST_HOST = "$(BUILT_PRODUCTS_DIR)/AppStoreExam.app/AppStoreExam";
			};
			name = Release;
		};
		8AC23D7B20D87B38002E0F45 /* Debug */ = {
			isa = XCBuildConfiguration;
			buildSettings = {
				ALWAYS_EMBED_SWIFT_STANDARD_LIBRARIES = YES;
				CODE_SIGN_STYLE = Automatic;
				DEVELOPMENT_TEAM = ZFQ4LB2HKZ;
				INFOPLIST_FILE = AppStoreExamUITests/Info.plist;
				LD_RUNPATH_SEARCH_PATHS = "$(inherited) @executable_path/Frameworks @loader_path/Frameworks";
				PRODUCT_BUNDLE_IDENTIFIER = com.Sung9.AppStoreExamUITests;
				PRODUCT_NAME = "$(TARGET_NAME)";
				SWIFT_VERSION = 4.0;
				TARGETED_DEVICE_FAMILY = "1,2";
				TEST_TARGET_NAME = AppStoreExam;
			};
			name = Debug;
		};
		8AC23D7C20D87B38002E0F45 /* Release */ = {
			isa = XCBuildConfiguration;
			buildSettings = {
				ALWAYS_EMBED_SWIFT_STANDARD_LIBRARIES = YES;
				CODE_SIGN_STYLE = Automatic;
				DEVELOPMENT_TEAM = ZFQ4LB2HKZ;
				INFOPLIST_FILE = AppStoreExamUITests/Info.plist;
				LD_RUNPATH_SEARCH_PATHS = "$(inherited) @executable_path/Frameworks @loader_path/Frameworks";
				PRODUCT_BUNDLE_IDENTIFIER = com.Sung9.AppStoreExamUITests;
				PRODUCT_NAME = "$(TARGET_NAME)";
				SWIFT_VERSION = 4.0;
				TARGETED_DEVICE_FAMILY = "1,2";
				TEST_TARGET_NAME = AppStoreExam;
			};
			name = Release;
		};
/* End XCBuildConfiguration section */

/* Begin XCConfigurationList section */
		8AC23D4720D87B37002E0F45 /* Build configuration list for PBXProject "AppStoreExam" */ = {
			isa = XCConfigurationList;
			buildConfigurations = (
				8AC23D7220D87B38002E0F45 /* Debug */,
				8AC23D7320D87B38002E0F45 /* Release */,
			);
			defaultConfigurationIsVisible = 0;
			defaultConfigurationName = Release;
		};
		8AC23D7420D87B38002E0F45 /* Build configuration list for PBXNativeTarget "AppStoreExam" */ = {
			isa = XCConfigurationList;
			buildConfigurations = (
				8AC23D7520D87B38002E0F45 /* Debug */,
				8AC23D7620D87B38002E0F45 /* Release */,
			);
			defaultConfigurationIsVisible = 0;
			defaultConfigurationName = Release;
		};
		8AC23D7720D87B38002E0F45 /* Build configuration list for PBXNativeTarget "AppStoreExamTests" */ = {
			isa = XCConfigurationList;
			buildConfigurations = (
				8AC23D7820D87B38002E0F45 /* Debug */,
				8AC23D7920D87B38002E0F45 /* Release */,
			);
			defaultConfigurationIsVisible = 0;
			defaultConfigurationName = Release;
		};
		8AC23D7A20D87B38002E0F45 /* Build configuration list for PBXNativeTarget "AppStoreExamUITests" */ = {
			isa = XCConfigurationList;
			buildConfigurations = (
				8AC23D7B20D87B38002E0F45 /* Debug */,
				8AC23D7C20D87B38002E0F45 /* Release */,
			);
			defaultConfigurationIsVisible = 0;
			defaultConfigurationName = Release;
		};
/* End XCConfigurationList section */
	};
	rootObject = 8AC23D4420D87B37002E0F45 /* Project object */;
}
